// !$*UTF8*$!
{
	archiveVersion = 1;
	classes = {
	};
	objectVersion = 50;
	objects = {

/* Begin PBXBuildFile section */
		841A541126BDAEC0006FF2DB /* pray_timerApp.swift in Sources */ = {isa = PBXBuildFile; fileRef = 841A541026BDAEC0006FF2DB /* pray_timerApp.swift */; };
		841A541326BDAEC0006FF2DB /* ContentView.swift in Sources */ = {isa = PBXBuildFile; fileRef = 841A541226BDAEC0006FF2DB /* ContentView.swift */; };
		841A541526BDAEC3006FF2DB /* Assets.xcassets in Resources */ = {isa = PBXBuildFile; fileRef = 841A541426BDAEC3006FF2DB /* Assets.xcassets */; };
		841A541826BDAEC3006FF2DB /* Preview Assets.xcassets in Resources */ = {isa = PBXBuildFile; fileRef = 841A541726BDAEC3006FF2DB /* Preview Assets.xcassets */; };
		841A542126BDB093006FF2DB /* prayTimer.swift in Sources */ = {isa = PBXBuildFile; fileRef = 841A542026BDB093006FF2DB /* prayTimer.swift */; };
		8423B65526BF9C3200EC68E3 /* Localizable.strings in Resources */ = {isa = PBXBuildFile; fileRef = 8423B65726BF9C3200EC68E3 /* Localizable.strings */; };
		84D2740526C01241000730FF /* countriesManager.swift in Sources */ = {isa = PBXBuildFile; fileRef = 84D2740426C01241000730FF /* countriesManager.swift */; };
		84D2740826C01342000730FF /* countries.json in Resources */ = {isa = PBXBuildFile; fileRef = 84D2740726C01342000730FF /* countries.json */; };
		84D2740B26C055A2000730FF /* countries_with_timeZones.json in Resources */ = {isa = PBXBuildFile; fileRef = 84D2740A26C055A2000730FF /* countries_with_timeZones.json */; };
		84D2740E26C07F03000730FF /* secondView.swift in Sources */ = {isa = PBXBuildFile; fileRef = 84D2740D26C07F03000730FF /* secondView.swift */; };
		84D9F08726BEE1B200F6128B /* notificationCenter.swift in Sources */ = {isa = PBXBuildFile; fileRef = 84D9F08626BEE1B200F6128B /* notificationCenter.swift */; };
		84D9F08A26BEFC6800F6128B /* locationManager.swift in Sources */ = {isa = PBXBuildFile; fileRef = 84D9F08926BEFC6800F6128B /* locationManager.swift */; };
		84D9F08D26BF034B00F6128B /* sharingData.swift in Sources */ = {isa = PBXBuildFile; fileRef = 84D9F08C26BF034B00F6128B /* sharingData.swift */; };
		84D9F09326BF11CF00F6128B /* newAthan.caf in Resources */ = {isa = PBXBuildFile; fileRef = 84D9F09226BF11CF00F6128B /* newAthan.caf */; };
/* End PBXBuildFile section */

/* Begin PBXFileReference section */
		841A540D26BDAEC0006FF2DB /* pray timer.app */ = {isa = PBXFileReference; explicitFileType = wrapper.application; includeInIndex = 0; path = "pray timer.app"; sourceTree = BUILT_PRODUCTS_DIR; };
		841A541026BDAEC0006FF2DB /* pray_timerApp.swift */ = {isa = PBXFileReference; lastKnownFileType = sourcecode.swift; path = pray_timerApp.swift; sourceTree = "<group>"; };
		841A541226BDAEC0006FF2DB /* ContentView.swift */ = {isa = PBXFileReference; lastKnownFileType = sourcecode.swift; path = ContentView.swift; sourceTree = "<group>"; };
		841A541426BDAEC3006FF2DB /* Assets.xcassets */ = {isa = PBXFileReference; lastKnownFileType = folder.assetcatalog; path = Assets.xcassets; sourceTree = "<group>"; };
		841A541726BDAEC3006FF2DB /* Preview Assets.xcassets */ = {isa = PBXFileReference; lastKnownFileType = folder.assetcatalog; path = "Preview Assets.xcassets"; sourceTree = "<group>"; };
		841A541926BDAEC3006FF2DB /* Info.plist */ = {isa = PBXFileReference; lastKnownFileType = text.plist.xml; path = Info.plist; sourceTree = "<group>"; };
		841A542026BDB093006FF2DB /* prayTimer.swift */ = {isa = PBXFileReference; lastKnownFileType = sourcecode.swift; path = prayTimer.swift; sourceTree = "<group>"; };
		8423B65626BF9C3200EC68E3 /* en */ = {isa = PBXFileReference; lastKnownFileType = text.plist.strings; name = en; path = en.lproj/Localizable.strings; sourceTree = "<group>"; };
		8423B65826BF9C3400EC68E3 /* ar */ = {isa = PBXFileReference; lastKnownFileType = text.plist.strings; name = ar; path = ar.lproj/Localizable.strings; sourceTree = "<group>"; };
		8423B65A26BFA2B200EC68E3 /* zh-Hans */ = {isa = PBXFileReference; lastKnownFileType = text.plist.strings; name = "zh-Hans"; path = "zh-Hans.lproj/Localizable.strings"; sourceTree = "<group>"; };
		84D2740426C01241000730FF /* countriesManager.swift */ = {isa = PBXFileReference; lastKnownFileType = sourcecode.swift; path = countriesManager.swift; sourceTree = "<group>"; };
		84D2740726C01342000730FF /* countries.json */ = {isa = PBXFileReference; fileEncoding = 4; lastKnownFileType = text.json; path = countries.json; sourceTree = "<group>"; };
		84D2740A26C055A2000730FF /* countries_with_timeZones.json */ = {isa = PBXFileReference; fileEncoding = 4; lastKnownFileType = text.json; path = countries_with_timeZones.json; sourceTree = "<group>"; };
		84D2740D26C07F03000730FF /* secondView.swift */ = {isa = PBXFileReference; lastKnownFileType = sourcecode.swift; path = secondView.swift; sourceTree = "<group>"; };
		84D9F08626BEE1B200F6128B /* notificationCenter.swift */ = {isa = PBXFileReference; lastKnownFileType = sourcecode.swift; path = notificationCenter.swift; sourceTree = "<group>"; };
		84D9F08926BEFC6800F6128B /* locationManager.swift */ = {isa = PBXFileReference; lastKnownFileType = sourcecode.swift; path = locationManager.swift; sourceTree = "<group>"; };
		84D9F08C26BF034B00F6128B /* sharingData.swift */ = {isa = PBXFileReference; lastKnownFileType = sourcecode.swift; path = sharingData.swift; sourceTree = "<group>"; };
		84D9F09226BF11CF00F6128B /* newAthan.caf */ = {isa = PBXFileReference; lastKnownFileType = file; path = newAthan.caf; sourceTree = "<group>"; };
/* End PBXFileReference section */

/* Begin PBXFrameworksBuildPhase section */
		841A540A26BDAEC0006FF2DB /* Frameworks */ = {
			isa = PBXFrameworksBuildPhase;
			buildActionMask = 2147483647;
			files = (
			);
			runOnlyForDeploymentPostprocessing = 0;
		};
/* End PBXFrameworksBuildPhase section */

/* Begin PBXGroup section */
		841A540426BDAEC0006FF2DB = {
			isa = PBXGroup;
			children = (
				8423B65726BF9C3200EC68E3 /* Localizable.strings */,
				841A540F26BDAEC0006FF2DB /* pray timer */,
				841A540E26BDAEC0006FF2DB /* Products */,
			);
			sourceTree = "<group>";
		};
		841A540E26BDAEC0006FF2DB /* Products */ = {
			isa = PBXGroup;
			children = (
				841A540D26BDAEC0006FF2DB /* pray timer.app */,
			);
			name = Products;
			sourceTree = "<group>";
		};
		841A540F26BDAEC0006FF2DB /* pray timer */ = {
			isa = PBXGroup;
			children = (
				841A541026BDAEC0006FF2DB /* pray_timerApp.swift */,
				84D2740426C01241000730FF /* countriesManager.swift */,
				841A541226BDAEC0006FF2DB /* ContentView.swift */,
				841A542026BDB093006FF2DB /* prayTimer.swift */,
				841A541426BDAEC3006FF2DB /* Assets.xcassets */,
				841A541926BDAEC3006FF2DB /* Info.plist */,
				84D9F09226BF11CF00F6128B /* newAthan.caf */,
				84D2740726C01342000730FF /* countries.json */,
				84D2740A26C055A2000730FF /* countries_with_timeZones.json */,
				841A541626BDAEC3006FF2DB /* Preview Content */,
				84D9F08626BEE1B200F6128B /* notificationCenter.swift */,
				84D9F08926BEFC6800F6128B /* locationManager.swift */,
				84D9F08C26BF034B00F6128B /* sharingData.swift */,
				84D2740D26C07F03000730FF /* secondView.swift */,
			);
			path = "pray timer";
			sourceTree = "<group>";
		};
		841A541626BDAEC3006FF2DB /* Preview Content */ = {
			isa = PBXGroup;
			children = (
				841A541726BDAEC3006FF2DB /* Preview Assets.xcassets */,
			);
			path = "Preview Content";
			sourceTree = "<group>";
		};
/* End PBXGroup section */

/* Begin PBXNativeTarget section */
		841A540C26BDAEC0006FF2DB /* pray timer */ = {
			isa = PBXNativeTarget;
			buildConfigurationList = 841A541C26BDAEC3006FF2DB /* Build configuration list for PBXNativeTarget "pray timer" */;
			buildPhases = (
				841A540926BDAEC0006FF2DB /* Sources */,
				841A540A26BDAEC0006FF2DB /* Frameworks */,
				841A540B26BDAEC0006FF2DB /* Resources */,
			);
			buildRules = (
			);
			dependencies = (
			);
			name = "pray timer";
			productName = "pray timer";
			productReference = 841A540D26BDAEC0006FF2DB /* pray timer.app */;
			productType = "com.apple.product-type.application";
		};
/* End PBXNativeTarget section */

/* Begin PBXProject section */
		841A540526BDAEC0006FF2DB /* Project object */ = {
			isa = PBXProject;
			attributes = {
				LastSwiftUpdateCheck = 1230;
				LastUpgradeCheck = 1230;
				TargetAttributes = {
					841A540C26BDAEC0006FF2DB = {
						CreatedOnToolsVersion = 12.3;
					};
				};
			};
			buildConfigurationList = 841A540826BDAEC0006FF2DB /* Build configuration list for PBXProject "pray timer" */;
			compatibilityVersion = "Xcode 9.3";
			developmentRegion = en;
			hasScannedForEncodings = 0;
			knownRegions = (
				en,
				Base,
				ar,
				"zh-Hans",
			);
			mainGroup = 841A540426BDAEC0006FF2DB;
			productRefGroup = 841A540E26BDAEC0006FF2DB /* Products */;
			projectDirPath = "";
			projectRoot = "";
			targets = (
				841A540C26BDAEC0006FF2DB /* pray timer */,
			);
		};
/* End PBXProject section */

/* Begin PBXResourcesBuildPhase section */
		841A540B26BDAEC0006FF2DB /* Resources */ = {
			isa = PBXResourcesBuildPhase;
			buildActionMask = 2147483647;
			files = (
				841A541826BDAEC3006FF2DB /* Preview Assets.xcassets in Resources */,
				84D2740B26C055A2000730FF /* countries_with_timeZones.json in Resources */,
				8423B65526BF9C3200EC68E3 /* Localizable.strings in Resources */,
				841A541526BDAEC3006FF2DB /* Assets.xcassets in Resources */,
				84D2740826C01342000730FF /* countries.json in Resources */,
				84D9F09326BF11CF00F6128B /* newAthan.caf in Resources */,
			);
			runOnlyForDeploymentPostprocessing = 0;
		};
/* End PBXResourcesBuildPhase section */

/* Begin PBXSourcesBuildPhase section */
		841A540926BDAEC0006FF2DB /* Sources */ = {
			isa = PBXSourcesBuildPhase;
			buildActionMask = 2147483647;
			files = (
				84D9F08726BEE1B200F6128B /* notificationCenter.swift in Sources */,
				84D9F08A26BEFC6800F6128B /* locationManager.swift in Sources */,
				84D2740E26C07F03000730FF /* secondView.swift in Sources */,
				84D2740526C01241000730FF /* countriesManager.swift in Sources */,
				841A541326BDAEC0006FF2DB /* ContentView.swift in Sources */,
				841A542126BDB093006FF2DB /* prayTimer.swift in Sources */,
				841A541126BDAEC0006FF2DB /* pray_timerApp.swift in Sources */,
				84D9F08D26BF034B00F6128B /* sharingData.swift in Sources */,
			);
			runOnlyForDeploymentPostprocessing = 0;
		};
/* End PBXSourcesBuildPhase section */

/* Begin PBXVariantGroup section */
		8423B65726BF9C3200EC68E3 /* Localizable.strings */ = {
			isa = PBXVariantGroup;
			children = (
				8423B65626BF9C3200EC68E3 /* en */,
				8423B65826BF9C3400EC68E3 /* ar */,
				8423B65A26BFA2B200EC68E3 /* zh-Hans */,
			);
			name = Localizable.strings;
			sourceTree = "<group>";
		};
/* End PBXVariantGroup section */

/* Begin XCBuildConfiguration section */
		841A541A26BDAEC3006FF2DB /* Debug */ = {
			isa = XCBuildConfiguration;
			buildSettings = {
				ALWAYS_SEARCH_USER_PATHS = NO;
				CLANG_ANALYZER_NONNULL = YES;
				CLANG_ANALYZER_NUMBER_OBJECT_CONVERSION = YES_AGGRESSIVE;
				CLANG_CXX_LANGUAGE_STANDARD = "gnu++14";
				CLANG_CXX_LIBRARY = "libc++";
				CLANG_ENABLE_MODULES = YES;
				CLANG_ENABLE_OBJC_ARC = YES;
				CLANG_ENABLE_OBJC_WEAK = YES;
				CLANG_WARN_BLOCK_CAPTURE_AUTORELEASING = YES;
				CLANG_WARN_BOOL_CONVERSION = YES;
				CLANG_WARN_COMMA = YES;
				CLANG_WARN_CONSTANT_CONVERSION = YES;
				CLANG_WARN_DEPRECATED_OBJC_IMPLEMENTATIONS = YES;
				CLANG_WARN_DIRECT_OBJC_ISA_USAGE = YES_ERROR;
				CLANG_WARN_DOCUMENTATION_COMMENTS = YES;
				CLANG_WARN_EMPTY_BODY = YES;
				CLANG_WARN_ENUM_CONVERSION = YES;
				CLANG_WARN_INFINITE_RECURSION = YES;
				CLANG_WARN_INT_CONVERSION = YES;
				CLANG_WARN_NON_LITERAL_NULL_CONVERSION = YES;
				CLANG_WARN_OBJC_IMPLICIT_RETAIN_SELF = YES;
				CLANG_WARN_OBJC_LITERAL_CONVERSION = YES;
				CLANG_WARN_OBJC_ROOT_CLASS = YES_ERROR;
				CLANG_WARN_QUOTED_INCLUDE_IN_FRAMEWORK_HEADER = YES;
				CLANG_WARN_RANGE_LOOP_ANALYSIS = YES;
				CLANG_WARN_STRICT_PROTOTYPES = YES;
				CLANG_WARN_SUSPICIOUS_MOVE = YES;
				CLANG_WARN_UNGUARDED_AVAILABILITY = YES_AGGRESSIVE;
				CLANG_WARN_UNREACHABLE_CODE = YES;
				CLANG_WARN__DUPLICATE_METHOD_MATCH = YES;
				COPY_PHASE_STRIP = NO;
				DEBUG_INFORMATION_FORMAT = dwarf;
				ENABLE_STRICT_OBJC_MSGSEND = YES;
				ENABLE_TESTABILITY = YES;
				GCC_C_LANGUAGE_STANDARD = gnu11;
				GCC_DYNAMIC_NO_PIC = NO;
				GCC_NO_COMMON_BLOCKS = YES;
				GCC_OPTIMIZATION_LEVEL = 0;
				GCC_PREPROCESSOR_DEFINITIONS = (
					"DEBUG=1",
					"$(inherited)",
				);
				GCC_WARN_64_TO_32_BIT_CONVERSION = YES;
				GCC_WARN_ABOUT_RETURN_TYPE = YES_ERROR;
				GCC_WARN_UNDECLARED_SELECTOR = YES;
				GCC_WARN_UNINITIALIZED_AUTOS = YES_AGGRESSIVE;
				GCC_WARN_UNUSED_FUNCTION = YES;
				GCC_WARN_UNUSED_VARIABLE = YES;
				IPHONEOS_DEPLOYMENT_TARGET = 14.3;
				MTL_ENABLE_DEBUG_INFO = INCLUDE_SOURCE;
				MTL_FAST_MATH = YES;
				ONLY_ACTIVE_ARCH = YES;
				SDKROOT = iphoneos;
				SWIFT_ACTIVE_COMPILATION_CONDITIONS = DEBUG;
				SWIFT_OPTIMIZATION_LEVEL = "-Onone";
			};
			name = Debug;
		};
		841A541B26BDAEC3006FF2DB /* Release */ = {
			isa = XCBuildConfiguration;
			buildSettings = {
				ALWAYS_SEARCH_USER_PATHS = NO;
				CLANG_ANALYZER_NONNULL = YES;
				CLANG_ANALYZER_NUMBER_OBJECT_CONVERSION = YES_AGGRESSIVE;
				CLANG_CXX_LANGUAGE_STANDARD = "gnu++14";
				CLANG_CXX_LIBRARY = "libc++";
				CLANG_ENABLE_MODULES = YES;
				CLANG_ENABLE_OBJC_ARC = YES;
				CLANG_ENABLE_OBJC_WEAK = YES;
				CLANG_WARN_BLOCK_CAPTURE_AUTORELEASING = YES;
				CLANG_WARN_BOOL_CONVERSION = YES;
				CLANG_WARN_COMMA = YES;
				CLANG_WARN_CONSTANT_CONVERSION = YES;
				CLANG_WARN_DEPRECATED_OBJC_IMPLEMENTATIONS = YES;
				CLANG_WARN_DIRECT_OBJC_ISA_USAGE = YES_ERROR;
				CLANG_WARN_DOCUMENTATION_COMMENTS = YES;
				CLANG_WARN_EMPTY_BODY = YES;
				CLANG_WARN_ENUM_CONVERSION = YES;
				CLANG_WARN_INFINITE_RECURSION = YES;
				CLANG_WARN_INT_CONVERSION = YES;
				CLANG_WARN_NON_LITERAL_NULL_CONVERSION = YES;
				CLANG_WARN_OBJC_IMPLICIT_RETAIN_SELF = YES;
				CLANG_WARN_OBJC_LITERAL_CONVERSION = YES;
				CLANG_WARN_OBJC_ROOT_CLASS = YES_ERROR;
				CLANG_WARN_QUOTED_INCLUDE_IN_FRAMEWORK_HEADER = YES;
				CLANG_WARN_RANGE_LOOP_ANALYSIS = YES;
				CLANG_WARN_STRICT_PROTOTYPES = YES;
				CLANG_WARN_SUSPICIOUS_MOVE = YES;
				CLANG_WARN_UNGUARDED_AVAILABILITY = YES_AGGRESSIVE;
				CLANG_WARN_UNREACHABLE_CODE = YES;
				CLANG_WARN__DUPLICATE_METHOD_MATCH = YES;
				COPY_PHASE_STRIP = NO;
				DEBUG_INFORMATION_FORMAT = "dwarf-with-dsym";
				ENABLE_NS_ASSERTIONS = NO;
				ENABLE_STRICT_OBJC_MSGSEND = YES;
				GCC_C_LANGUAGE_STANDARD = gnu11;
				GCC_NO_COMMON_BLOCKS = YES;
				GCC_WARN_64_TO_32_BIT_CONVERSION = YES;
				GCC_WARN_ABOUT_RETURN_TYPE = YES_ERROR;
				GCC_WARN_UNDECLARED_SELECTOR = YES;
				GCC_WARN_UNINITIALIZED_AUTOS = YES_AGGRESSIVE;
				GCC_WARN_UNUSED_FUNCTION = YES;
				GCC_WARN_UNUSED_VARIABLE = YES;
				IPHONEOS_DEPLOYMENT_TARGET = 14.3;
				MTL_ENABLE_DEBUG_INFO = NO;
				MTL_FAST_MATH = YES;
				SDKROOT = iphoneos;
				SWIFT_COMPILATION_MODE = wholemodule;
				SWIFT_OPTIMIZATION_LEVEL = "-O";
				VALIDATE_PRODUCT = YES;
			};
			name = Release;
		};
		841A541D26BDAEC3006FF2DB /* Debug */ = {
			isa = XCBuildConfiguration;
			buildSettings = {
				ASSETCATALOG_COMPILER_APPICON_NAME = AppIcon;
				ASSETCATALOG_COMPILER_GLOBAL_ACCENT_COLOR_NAME = AccentColor;
				CODE_SIGN_STYLE = Automatic;
				DEVELOPMENT_ASSET_PATHS = "\"pray timer/Preview Content\"";
				DEVELOPMENT_TEAM = RG6D3388Z6;
				ENABLE_PREVIEWS = YES;
				INFOPLIST_FILE = "pray timer/Info.plist";
				IPHONEOS_DEPLOYMENT_TARGET = 14.0;
				LD_RUNPATH_SEARCH_PATHS = (
					"$(inherited)",
					"@executable_path/Frameworks",
				);
				PRODUCT_BUNDLE_IDENTIFIER = "fares.pray-timer";
				PRODUCT_NAME = "$(TARGET_NAME)";
				SWIFT_VERSION = 5.0;
				TARGETED_DEVICE_FAMILY = "1,2";
			};
			name = Debug;
		};
		841A541E26BDAEC3006FF2DB /* Release */ = {
			isa = XCBuildConfiguration;
			buildSettings = {
				ASSETCATALOG_COMPILER_APPICON_NAME = AppIcon;
				ASSETCATALOG_COMPILER_GLOBAL_ACCENT_COLOR_NAME = AccentColor;
				CODE_SIGN_STYLE = Automatic;
				DEVELOPMENT_ASSET_PATHS = "\"pray timer/Preview Content\"";
				DEVELOPMENT_TEAM = RG6D3388Z6;
				ENABLE_PREVIEWS = YES;
				INFOPLIST_FILE = "pray timer/Info.plist";
				IPHONEOS_DEPLOYMENT_TARGET = 14.0;
				LD_RUNPATH_SEARCH_PATHS = (
					"$(inherited)",
					"@executable_path/Frameworks",
				);
				PRODUCT_BUNDLE_IDENTIFIER = "fares.pray-timer";
				PRODUCT_NAME = "$(TARGET_NAME)";
				SWIFT_VERSION = 5.0;
				TARGETED_DEVICE_FAMILY = "1,2";
			};
			name = Release;
		};
/* End XCBuildConfiguration section */

/* Begin XCConfigurationList section */
		841A540826BDAEC0006FF2DB /* Build configuration list for PBXProject "pray timer" */ = {
			isa = XCConfigurationList;
			buildConfigurations = (
				841A541A26BDAEC3006FF2DB /* Debug */,
				841A541B26BDAEC3006FF2DB /* Release */,
			);
			defaultConfigurationIsVisible = 0;
			defaultConfigurationName = Release;
		};
		841A541C26BDAEC3006FF2DB /* Build configuration list for PBXNativeTarget "pray timer" */ = {
			isa = XCConfigurationList;
			buildConfigurations = (
				841A541D26BDAEC3006FF2DB /* Debug */,
				841A541E26BDAEC3006FF2DB /* Release */,
			);
			defaultConfigurationIsVisible = 0;
			defaultConfigurationName = Release;
		};
/* End XCConfigurationList section */
	};
	rootObject = 841A540526BDAEC0006FF2DB /* Project object */;
}
